
Microsoft Visual Studio Solution File, Format Version 11.00
# Visual Studio 2010
Project("{8BC9CEB8-8B4A-11D0-8D11-00A0C91BC942}") = "ChatClient", "ChatClient\ChatClient.vcxproj", "{B32AD873-4A33-450E-A4C9-9DDD86231C63}"
EndProject
Global
	GlobalSection(SolutionConfigurationPlatforms) = preSolution
		Debug|Win32 = Debug|Win32
		Release|Win32 = Release|Win32
	EndGlobalSection
	GlobalSection(ProjectConfigurationPlatforms) = postSolution
		{B32AD873-4A33-450E-A4C9-9DDD86231C63}.Debug|Win32.ActiveCfg = Debug|Win32
		{B32AD873-4A33-450E-A4C9-9DDD86231C63}.Debug|Win32.Build.0 = Debug|Win32
		{B32AD873-4A33-450E-A4C9-9DDD86231C63}.Release|Win32.ActiveCfg = Release|Win32
		{B32AD873-4A33-450E-A4C9-9DDD86231C63}.Release|Win32.Build.0 = Release|Win32
	EndGlobalSection
	GlobalSection(SolutionProperties) = preSolution
		HideSolutionNode = FALSE
	EndGlobalSection
EndGlobal
